lockfileVersion: '9.0'

settings:
  autoInstallPeers: true
  excludeLinksFromLockfile: false

importers:

  .:
    dependencies:
      next:
        specifier: 15.3.3
        version: 15.3.3(react-dom@19.1.0(react@19.1.0))(react@19.1.0)
      react:
        specifier: ^19.0.0
        version: 19.1.0
      react-dom:
        specifier: ^19.0.0
        version: 19.1.0(react@19.1.0)
    devDependencies:
      '@types/node':
        specifier: ^20
        version: 20.19.0
      '@types/react':
        specifier: ^19
        version: 19.1.6
      '@types/react-dom':
        specifier: ^19
        version: 19.1.6(@types/react@19.1.6)
      typescript:
        specifier: ^5
        version: 5.8.3

packages:

  '@emnapi/runtime@1.4.3':
    resolution: {integrity: sha512-pBPWdu6MLKROBX05wSNKcNb++m5Er+KQ9QkB+WVM+pW2Kx9hoSrVTnu3BdkI5eBLZoKu/J6mW/B6i6bJB2ytXQ==}

  '@img/sharp-darwin-arm64@0.34.2':
    resolution: {integrity: sha512-OfXHZPppddivUJnqyKoi5YVeHRkkNE2zUFT2gbpKxp/JZCFYEYubnMg+gOp6lWfasPrTS+KPosKqdI+ELYVDtg==}
    engines: {node: ^18.17.0 || ^20.3.0 || >=21.0.0}
    cpu: [arm64]
    os: [darwin]

  '@img/sharp-darwin-x64@0.34.2':
    resolution: {integrity: sha512-dYvWqmjU9VxqXmjEtjmvHnGqF8GrVjM2Epj9rJ6BUIXvk8slvNDJbhGFvIoXzkDhrJC2jUxNLz/GUjjvSzfw+g==}
    engines: {node: ^18.17.0 || ^20.3.0 || >=21.0.0}
    cpu: [x64]
    os: [darwin]

  '@img/sharp-libvips-darwin-arm64@1.1.0':
    resolution: {integrity: sha512-HZ/JUmPwrJSoM4DIQPv/BfNh9yrOA8tlBbqbLz4JZ5uew2+o22Ik+tHQJcih7QJuSa0zo5coHTfD5J8inqj9DA==}
    cpu: [arm64]
    os: [darwin]

  '@img/sharp-libvips-darwin-x64@1.1.0':
    resolution: {integrity: sha512-Xzc2ToEmHN+hfvsl9wja0RlnXEgpKNmftriQp6XzY/RaSfwD9th+MSh0WQKzUreLKKINb3afirxW7A0fz2YWuQ==}
    cpu: [x64]
    os: [darwin]

  '@img/sharp-libvips-linux-arm64@1.1.0':
    resolution: {integrity: sha512-IVfGJa7gjChDET1dK9SekxFFdflarnUB8PwW8aGwEoF3oAsSDuNUTYS+SKDOyOJxQyDC1aPFMuRYLoDInyV9Ew==}
    cpu: [arm64]
    os: [linux]

  '@img/sharp-libvips-linux-arm@1.1.0':
    resolution: {integrity: sha512-s8BAd0lwUIvYCJyRdFqvsj+BJIpDBSxs6ivrOPm/R7piTs5UIwY5OjXrP2bqXC9/moGsyRa37eYWYCOGVXxVrA==}
    cpu: [arm]
    os: [linux]

  '@img/sharp-libvips-linux-ppc64@1.1.0':
    resolution: {integrity: sha512-tiXxFZFbhnkWE2LA8oQj7KYR+bWBkiV2nilRldT7bqoEZ4HiDOcePr9wVDAZPi/Id5fT1oY9iGnDq20cwUz8lQ==}
    cpu: [ppc64]
    os: [linux]

  '@img/sharp-libvips-linux-s390x@1.1.0':
    resolution: {integrity: sha512-xukSwvhguw7COyzvmjydRb3x/09+21HykyapcZchiCUkTThEQEOMtBj9UhkaBRLuBrgLFzQ2wbxdeCCJW/jgJA==}
    cpu: [s390x]
    os: [linux]

  '@img/sharp-libvips-linux-x64@1.1.0':
    resolution: {integrity: sha512-yRj2+reB8iMg9W5sULM3S74jVS7zqSzHG3Ol/twnAAkAhnGQnpjj6e4ayUz7V+FpKypwgs82xbRdYtchTTUB+Q==}
    cpu: [x64]
    os: [linux]

  '@img/sharp-libvips-linuxmusl-arm64@1.1.0':
    resolution: {integrity: sha512-jYZdG+whg0MDK+q2COKbYidaqW/WTz0cc1E+tMAusiDygrM4ypmSCjOJPmFTvHHJ8j/6cAGyeDWZOsK06tP33w==}
    cpu: [arm64]
    os: [linux]

  '@img/sharp-libvips-linuxmusl-x64@1.1.0':
    resolution: {integrity: sha512-wK7SBdwrAiycjXdkPnGCPLjYb9lD4l6Ze2gSdAGVZrEL05AOUJESWU2lhlC+Ffn5/G+VKuSm6zzbQSzFX/P65A==}
    cpu: [x64]
    os: [linux]

  '@img/sharp-linux-arm64@0.34.2':
    resolution: {integrity: sha512-D8n8wgWmPDakc83LORcfJepdOSN6MvWNzzz2ux0MnIbOqdieRZwVYY32zxVx+IFUT8er5KPcyU3XXsn+GzG/0Q==}
    engines: {node: ^18.17.0 || ^20.3.0 || >=21.0.0}
    cpu: [arm64]
    os: [linux]

  '@img/sharp-linux-arm@0.34.2':
    resolution: {integrity: sha512-0DZzkvuEOqQUP9mo2kjjKNok5AmnOr1jB2XYjkaoNRwpAYMDzRmAqUIa1nRi58S2WswqSfPOWLNOr0FDT3H5RQ==}
    engines: {node: ^18.17.0 || ^20.3.0 || >=21.0.0}
    cpu: [arm]
    os: [linux]

  '@img/sharp-linux-s390x@0.34.2':
    resolution: {integrity: sha512-EGZ1xwhBI7dNISwxjChqBGELCWMGDvmxZXKjQRuqMrakhO8QoMgqCrdjnAqJq/CScxfRn+Bb7suXBElKQpPDiw==}
    engines: {node: ^18.17.0 || ^20.3.0 || >=21.0.0}
    cpu: [s390x]
    os: [linux]

  '@img/sharp-linux-x64@0.34.2':
    resolution: {integrity: sha512-sD7J+h5nFLMMmOXYH4DD9UtSNBD05tWSSdWAcEyzqW8Cn5UxXvsHAxmxSesYUsTOBmUnjtxghKDl15EvfqLFbQ==}
    engines: {node: ^18.17.0 || ^20.3.0 || >=21.0.0}
    cpu: [x64]
    os: [linux]

  '@img/sharp-linuxmusl-arm64@0.34.2':
    resolution: {integrity: sha512-NEE2vQ6wcxYav1/A22OOxoSOGiKnNmDzCYFOZ949xFmrWZOVII1Bp3NqVVpvj+3UeHMFyN5eP/V5hzViQ5CZNA==}
    engines: {node: ^18.17.0 || ^20.3.0 || >=21.0.0}
    cpu: [arm64]
    os: [linux]

  '@img/sharp-linuxmusl-x64@0.34.2':
    resolution: {integrity: sha512-DOYMrDm5E6/8bm/yQLCWyuDJwUnlevR8xtF8bs+gjZ7cyUNYXiSf/E8Kp0Ss5xasIaXSHzb888V1BE4i1hFhAA==}
    engines: {node: ^18.17.0 || ^20.3.0 || >=21.0.0}
    cpu: [x64]
    os: [linux]

  '@img/sharp-wasm32@0.34.2':
    resolution: {integrity: sha512-/VI4mdlJ9zkaq53MbIG6rZY+QRN3MLbR6usYlgITEzi4Rpx5S6LFKsycOQjkOGmqTNmkIdLjEvooFKwww6OpdQ==}
    engines: {node: ^18.17.0 || ^20.3.0 || >=21.0.0}
    cpu: [wasm32]

  '@img/sharp-win32-arm64@0.34.2':
    resolution: {integrity: sha512-cfP/r9FdS63VA5k0xiqaNaEoGxBg9k7uE+RQGzuK9fHt7jib4zAVVseR9LsE4gJcNWgT6APKMNnCcnyOtmSEUQ==}
    engines: {node: ^18.17.0 || ^20.3.0 || >=21.0.0}
    cpu: [arm64]
    os: [win32]

  '@img/sharp-win32-ia32@0.34.2':
    resolution: {integrity: sha512-QLjGGvAbj0X/FXl8n1WbtQ6iVBpWU7JO94u/P2M4a8CFYsvQi4GW2mRy/JqkRx0qpBzaOdKJKw8uc930EX2AHw==}
    engines: {node: ^18.17.0 || ^20.3.0 || >=21.0.0}
    cpu: [ia32]
    os: [win32]

  '@img/sharp-win32-x64@0.34.2':
    resolution: {integrity: sha512-aUdT6zEYtDKCaxkofmmJDJYGCf0+pJg3eU9/oBuqvEeoB9dKI6ZLc/1iLJCTuJQDO4ptntAlkUmHgGjyuobZbw==}
    engines: {node: ^18.17.0 || ^20.3.0 || >=21.0.0}
    cpu: [x64]
    os: [win32]

  '@next/env@15.3.3':
    resolution: {integrity: sha512-OdiMrzCl2Xi0VTjiQQUK0Xh7bJHnOuET2s+3V+Y40WJBAXrJeGA3f+I8MZJ/YQ3mVGi5XGR1L66oFlgqXhQ4Vw==}

  '@next/swc-darwin-arm64@15.3.3':
    resolution: {integrity: sha512-WRJERLuH+O3oYB4yZNVahSVFmtxRNjNF1I1c34tYMoJb0Pve+7/RaLAJJizyYiFhjYNGHRAE1Ri2Fd23zgDqhg==}
    engines: {node: '>= 10'}
    cpu: [arm64]
    os: [darwin]

  '@next/swc-darwin-x64@15.3.3':
    resolution: {integrity: sha512-XHdzH/yBc55lu78k/XwtuFR/ZXUTcflpRXcsu0nKmF45U96jt1tsOZhVrn5YH+paw66zOANpOnFQ9i6/j+UYvw==}
    engines: {node: '>= 10'}
    cpu: [x64]
    os: [darwin]

  '@next/swc-linux-arm64-gnu@15.3.3':
    resolution: {integrity: sha512-VZ3sYL2LXB8znNGcjhocikEkag/8xiLgnvQts41tq6i+wql63SMS1Q6N8RVXHw5pEUjiof+II3HkDd7GFcgkzw==}
    engines: {node: '>= 10'}
    cpu: [arm64]
    os: [linux]

  '@next/swc-linux-arm64-musl@15.3.3':
    resolution: {integrity: sha512-h6Y1fLU4RWAp1HPNJWDYBQ+e3G7sLckyBXhmH9ajn8l/RSMnhbuPBV/fXmy3muMcVwoJdHL+UtzRzs0nXOf9SA==}
    engines: {node: '>= 10'}
    cpu: [arm64]
    os: [linux]

  '@next/swc-linux-x64-gnu@15.3.3':
    resolution: {integrity: sha512-jJ8HRiF3N8Zw6hGlytCj5BiHyG/K+fnTKVDEKvUCyiQ/0r5tgwO7OgaRiOjjRoIx2vwLR+Rz8hQoPrnmFbJdfw==}
    engines: {node: '>= 10'}
    cpu: [x64]
    os: [linux]

  '@next/swc-linux-x64-musl@15.3.3':
    resolution: {integrity: sha512-HrUcTr4N+RgiiGn3jjeT6Oo208UT/7BuTr7K0mdKRBtTbT4v9zJqCDKO97DUqqoBK1qyzP1RwvrWTvU6EPh/Cw==}
    engines: {node: '>= 10'}
    cpu: [x64]
    os: [linux]

  '@next/swc-win32-arm64-msvc@15.3.3':
    resolution: {integrity: sha512-SxorONgi6K7ZUysMtRF3mIeHC5aA3IQLmKFQzU0OuhuUYwpOBc1ypaLJLP5Bf3M9k53KUUUj4vTPwzGvl/NwlQ==}
    engines: {node: '>= 10'}
    cpu: [arm64]
    os: [win32]

  '@next/swc-win32-x64-msvc@15.3.3':
    resolution: {integrity: sha512-4QZG6F8enl9/S2+yIiOiju0iCTFd93d8VC1q9LZS4p/Xuk81W2QDjCFeoogmrWWkAD59z8ZxepBQap2dKS5ruw==}
    engines: {node: '>= 10'}
    cpu: [x64]
    os: [win32]

  '@swc/counter@0.1.3':
    resolution: {integrity: sha512-e2BR4lsJkkRlKZ/qCHPw9ZaSxc0MVUd7gtbtaB7aMvHeJVYe8sOB8DBZkP2DtISHGSku9sCK6T6cnY0CtXrOCQ==}

  '@swc/helpers@0.5.15':
    resolution: {integrity: sha512-JQ5TuMi45Owi4/BIMAJBoSQoOJu12oOk/gADqlcUL9JEdHB8vyjUSsxqeNXnmXHjYKMi2WcYtezGEEhqUI/E2g==}

  '@types/node@20.19.0':
    resolution: {integrity: sha512-hfrc+1tud1xcdVTABC2JiomZJEklMcXYNTVtZLAeqTVWD+qL5jkHKT+1lOtqDdGxt+mB53DTtiz673vfjU8D1Q==}

  '@types/react-dom@19.1.6':
    resolution: {integrity: sha512-4hOiT/dwO8Ko0gV1m/TJZYk3y0KBnY9vzDh7W+DH17b2HFSOGgdj33dhihPeuy3l0q23+4e+hoXHV6hCC4dCXw==}
    peerDependencies:
      '@types/react': ^19.0.0

  '@types/react@19.1.6':
    resolution: {integrity: sha512-JeG0rEWak0N6Itr6QUx+X60uQmN+5t3j9r/OVDtWzFXKaj6kD1BwJzOksD0FF6iWxZlbE1kB0q9vtnU2ekqa1Q==}

  busboy@1.6.0:
    resolution: {integrity: sha512-8SFQbg/0hQ9xy3UNTB0YEnsNBbWfhf7RtnzpL7TkBiTBRfrQ9Fxcnz7VJsleJpyp6rVLvXiuORqjlHi5q+PYuA==}
    engines: {node: '>=10.16.0'}

  caniuse-lite@1.0.30001721:
    resolution: {integrity: sha512-cOuvmUVtKrtEaoKiO0rSc29jcjwMwX5tOHDy4MgVFEWiUXj4uBMJkwI8MDySkgXidpMiHUcviogAvFi4pA2hDQ==}

  client-only@0.0.1:
    resolution: {integrity: sha512-IV3Ou0jSMzZrd3pZ48nLkT9DA7Ag1pnPzaiQhpW7c3RbcqqzvzzVu+L8gfqMp/8IM2MQtSiqaCxrrcfu8I8rMA==}

  color-convert@2.0.1:
    resolution: {integrity: sha512-RRECPsj7iu/xb5oKYcsFHSppFNnsj/52OVTRKb4zP5onXwVF3zVmmToNcOfGC+CRDpfK/U584fMg38ZHCaElKQ==}
    engines: {node: '>=7.0.0'}

  color-name@1.1.4:
    resolution: {integrity: sha512-dOy+3AuW3a2wNbZHIuMZpTcgjGuLU/uBL/ubcZF9OXbDo8ff4O8yVp5Bf0efS8uEoYo5q4Fx7dY9OgQGXgAsQA==}

  color-string@1.9.1:
    resolution: {integrity: sha512-shrVawQFojnZv6xM40anx4CkoDP+fZsw/ZerEMsW/pyzsRbElpsL/DBVW7q3ExxwusdNXI3lXpuhEZkzs8p5Eg==}

  color@4.2.3:
    resolution: {integrity: sha512-1rXeuUUiGGrykh+CeBdu5Ie7OJwinCgQY0bc7GCRxy5xVHy+moaqkpL/jqQq0MtQOeYcrqEz4abc5f0KtU7W4A==}
    engines: {node: '>=12.5.0'}

  csstype@3.1.3:
    resolution: {integrity: sha512-M1uQkMl8rQK/szD0LNhtqxIPLpimGm8sOBwU7lLnCpSbTyY3yeU1Vc7l4KT5zT4s/yOxHH5O7tIuuLOCnLADRw==}

  detect-libc@2.0.4:
    resolution: {integrity: sha512-3UDv+G9CsCKO1WKMGw9fwq/SWJYbI0c5Y7LU1AXYoDdbhE2AHQ6N6Nb34sG8Fj7T5APy8qXDCKuuIHd1BR0tVA==}
    engines: {node: '>=8'}

  is-arrayish@0.3.2:
    resolution: {integrity: sha512-eVRqCvVlZbuw3GrM63ovNSNAeA1K16kaR/LRY/92w0zxQ5/1YzwblUX652i4Xs9RwAGjW9d9y6X88t8OaAJfWQ==}

  nanoid@3.3.11:
    resolution: {integrity: sha512-N8SpfPUnUp1bK+PMYW8qSWdl9U+wwNWI4QKxOYDy9JAro3WMX7p2OeVRF9v+347pnakNevPmiHhNmZ2HbFA76w==}
    engines: {node: ^10 || ^12 || ^13.7 || ^14 || >=15.0.1}
    hasBin: true

  next@15.3.3:
    resolution: {integrity: sha512-JqNj29hHNmCLtNvd090SyRbXJiivQ+58XjCcrC50Crb5g5u2zi7Y2YivbsEfzk6AtVI80akdOQbaMZwWB1Hthw==}
    engines: {node: ^18.18.0 || ^19.8.0 || >= 20.0.0}
    hasBin: true
    peerDependencies:
      '@opentelemetry/api': ^1.1.0
      '@playwright/test': ^1.41.2
      babel-plugin-react-compiler: '*'
      react: ^18.2.0 || 19.0.0-rc-de68d2f4-20241204 || ^19.0.0
      react-dom: ^18.2.0 || 19.0.0-rc-de68d2f4-20241204 || ^19.0.0
      sass: ^1.3.0
    peerDependenciesMeta:
      '@opentelemetry/api':
        optional: true
      '@playwright/test':
        optional: true
      babel-plugin-react-compiler:
        optional: true
      sass:
        optional: true

  picocolors@1.1.1:
    resolution: {integrity: sha512-xceH2snhtb5M9liqDsmEw56le376mTZkEX/jEb/RxNFyegNul7eNslCXP9FDj/Lcu0X8KEyMceP2ntpaHrDEVA==}

  postcss@8.4.31:
    resolution: {integrity: sha512-PS08Iboia9mts/2ygV3eLpY5ghnUcfLV/EXTOW1E2qYxJKGGBUtNjN76FYHnMs36RmARn41bC0AZmn+rR0OVpQ==}
    engines: {node: ^10 || ^12 || >=14}

  react-dom@19.1.0:
    resolution: {integrity: sha512-Xs1hdnE+DyKgeHJeJznQmYMIBG3TKIHJJT95Q58nHLSrElKlGQqDTR2HQ9fx5CN/Gk6Vh/kupBTDLU11/nDk/g==}
    peerDependencies:
      react: ^19.1.0

  react@19.1.0:
    resolution: {integrity: sha512-FS+XFBNvn3GTAWq26joslQgWNoFu08F4kl0J4CgdNKADkdSGXQyTCnKteIAJy96Br6YbpEU1LSzV5dYtjMkMDg==}
    engines: {node: '>=0.10.0'}

  scheduler@0.26.0:
    resolution: {integrity: sha512-NlHwttCI/l5gCPR3D1nNXtWABUmBwvZpEQiD4IXSbIDq8BzLIK/7Ir5gTFSGZDUu37K5cMNp0hFtzO38sC7gWA==}

  semver@7.7.2:
    resolution: {integrity: sha512-RF0Fw+rO5AMf9MAyaRXI4AV0Ulj5lMHqVxxdSgiVbixSCXoEmmX/jk0CuJw4+3SqroYO9VoUh+HcuJivvtJemA==}
    engines: {node: '>=10'}
    hasBin: true

  sharp@0.34.2:
    resolution: {integrity: sha512-lszvBmB9QURERtyKT2bNmsgxXK0ShJrL/fvqlonCo7e6xBF8nT8xU6pW+PMIbLsz0RxQk3rgH9kd8UmvOzlMJg==}
    engines: {node: ^18.17.0 || ^20.3.0 || >=21.0.0}

  simple-swizzle@0.2.2:
    resolution: {integrity: sha512-JA//kQgZtbuY83m+xT+tXJkmJncGMTFT+C+g2h2R9uxkYIrE2yy9sgmcLhCnw57/WSD+Eh3J97FPEDFnbXnDUg==}

  source-map-js@1.2.1:
    resolution: {integrity: sha512-UXWMKhLOwVKb728IUtQPXxfYU+usdybtUrK/8uGE8CQMvrhOpwvzDBwj0QhSL7MQc7vIsISBG8VQ8+IDQxpfQA==}
    engines: {node: '>=0.10.0'}

  streamsearch@1.1.0:
    resolution: {integrity: sha512-Mcc5wHehp9aXz1ax6bZUyY5afg9u2rv5cqQI3mRrYkGC8rW2hM02jWuwjtL++LS5qinSyhj2QfLyNsuc+VsExg==}
    engines: {node: '>=10.0.0'}

  styled-jsx@5.1.6:
    resolution: {integrity: sha512-qSVyDTeMotdvQYoHWLNGwRFJHC+i+ZvdBRYosOFgC+Wg1vx4frN2/RG/NA7SYqqvKNLf39P2LSRA2pu6n0XYZA==}
    engines: {node: '>= 12.0.0'}
    peerDependencies:
      '@babel/core': '*'
      babel-plugin-macros: '*'
      react: '>= 16.8.0 || 17.x.x || ^18.0.0-0 || ^19.0.0-0'
    peerDependenciesMeta:
      '@babel/core':
        optional: true
      babel-plugin-macros:
        optional: true

  tslib@2.8.1:
    resolution: {integrity: sha512-oJFu94HQb+KVduSUQL7wnpmqnfmLsOA/nAh6b6EH0wCEoK0/mPeXU6c3wKDV83MkOuHPRHtSXKKU99IBazS/2w==}

  typescript@5.8.3:
    resolution: {integrity: sha512-p1diW6TqL9L07nNxvRMM7hMMw4c5XOo/1ibL4aAIGmSAt9slTE1Xgw5KWuof2uTOvCg9BY7ZRi+GaF+7sfgPeQ==}
    engines: {node: '>=14.17'}
    hasBin: true

  undici-types@6.21.0:
    resolution: {integrity: sha512-iwDZqg0QAGrg9Rav5H4n0M64c3mkR59cJ6wQp+7C4nI0gsmExaedaYLNO44eT4AtBBwjbTiGPMlt2Md0T9H9JQ==}

snapshots:

  '@emnapi/runtime@1.4.3':
    dependencies:
      tslib: 2.8.1
    optional: true

  '@img/sharp-darwin-arm64@0.34.2':
    optionalDependencies:
      '@img/sharp-libvips-darwin-arm64': 1.1.0
    optional: true

  '@img/sharp-darwin-x64@0.34.2':
    optionalDependencies:
      '@img/sharp-libvips-darwin-x64': 1.1.0
    optional: true

  '@img/sharp-libvips-darwin-arm64@1.1.0':
    optional: true

  '@img/sharp-libvips-darwin-x64@1.1.0':
    optional: true

  '@img/sharp-libvips-linux-arm64@1.1.0':
    optional: true

  '@img/sharp-libvips-linux-arm@1.1.0':
    optional: true

  '@img/sharp-libvips-linux-ppc64@1.1.0':
    optional: true

  '@img/sharp-libvips-linux-s390x@1.1.0':
    optional: true

  '@img/sharp-libvips-linux-x64@1.1.0':
    optional: true

  '@img/sharp-libvips-linuxmusl-arm64@1.1.0':
    optional: true

  '@img/sharp-libvips-linuxmusl-x64@1.1.0':
    optional: true

  '@img/sharp-linux-arm64@0.34.2':
    optionalDependencies:
      '@img/sharp-libvips-linux-arm64': 1.1.0
    optional: true

  '@img/sharp-linux-arm@0.34.2':
    optionalDependencies:
      '@img/sharp-libvips-linux-arm': 1.1.0
    optional: true

  '@img/sharp-linux-s390x@0.34.2':
    optionalDependencies:
      '@img/sharp-libvips-linux-s390x': 1.1.0
    optional: true

  '@img/sharp-linux-x64@0.34.2':
    optionalDependencies:
      '@img/sharp-libvips-linux-x64': 1.1.0
    optional: true

  '@img/sharp-linuxmusl-arm64@0.34.2':
    optionalDependencies:
      '@img/sharp-libvips-linuxmusl-arm64': 1.1.0
    optional: true

  '@img/sharp-linuxmusl-x64@0.34.2':
    optionalDependencies:
      '@img/sharp-libvips-linuxmusl-x64': 1.1.0
    optional: true

  '@img/sharp-wasm32@0.34.2':
    dependencies:
      '@emnapi/runtime': 1.4.3
    optional: true

  '@img/sharp-win32-arm64@0.34.2':
    optional: true

  '@img/sharp-win32-ia32@0.34.2':
    optional: true

  '@img/sharp-win32-x64@0.34.2':
    optional: true

  '@next/env@15.3.3': {}

  '@next/swc-darwin-arm64@15.3.3':
    optional: true

  '@next/swc-darwin-x64@15.3.3':
    optional: true

  '@next/swc-linux-arm64-gnu@15.3.3':
    optional: true

  '@next/swc-linux-arm64-musl@15.3.3':
    optional: true

  '@next/swc-linux-x64-gnu@15.3.3':
    optional: true

  '@next/swc-linux-x64-musl@15.3.3':
    optional: true

  '@next/swc-win32-arm64-msvc@15.3.3':
    optional: true

  '@next/swc-win32-x64-msvc@15.3.3':
    optional: true

  '@swc/counter@0.1.3': {}

  '@swc/helpers@0.5.15':
    dependencies:
      tslib: 2.8.1

  '@types/node@20.19.0':
    dependencies:
      undici-types: 6.21.0

  '@types/react-dom@19.1.6(@types/react@19.1.6)':
    dependencies:
      '@types/react': 19.1.6

  '@types/react@19.1.6':
    dependencies:
      csstype: 3.1.3

  busboy@1.6.0:
    dependencies:
      streamsearch: 1.1.0

  caniuse-lite@1.0.30001721: {}

  client-only@0.0.1: {}

  color-convert@2.0.1:
    dependencies:
      color-name: 1.1.4
    optional: true

  color-name@1.1.4:
    optional: true

  color-string@1.9.1:
    dependencies:
      color-name: 1.1.4
      simple-swizzle: 0.2.2
    optional: true

  color@4.2.3:
    dependencies:
      color-convert: 2.0.1
      color-string: 1.9.1
    optional: true

  csstype@3.1.3: {}

  detect-libc@2.0.4:
    optional: true

  is-arrayish@0.3.2:
    optional: true

  nanoid@3.3.11: {}

  next@15.3.3(react-dom@19.1.0(react@19.1.0))(react@19.1.0):
    dependencies:
      '@next/env': 15.3.3
      '@swc/counter': 0.1.3
      '@swc/helpers': 0.5.15
      busboy: 1.6.0
      caniuse-lite: 1.0.30001721
      postcss: 8.4.31
      react: 19.1.0
      react-dom: 19.1.0(react@19.1.0)
      styled-jsx: 5.1.6(react@19.1.0)
    optionalDependencies:
      '@next/swc-darwin-arm64': 15.3.3
      '@next/swc-darwin-x64': 15.3.3
      '@next/swc-linux-arm64-gnu': 15.3.3
      '@next/swc-linux-arm64-musl': 15.3.3
      '@next/swc-linux-x64-gnu': 15.3.3
      '@next/swc-linux-x64-musl': 15.3.3
      '@next/swc-win32-arm64-msvc': 15.3.3
      '@next/swc-win32-x64-msvc': 15.3.3
      sharp: 0.34.2
    transitivePeerDependencies:
      - '@babel/core'
      - babel-plugin-macros

  picocolors@1.1.1: {}

  postcss@8.4.31:
    dependencies:
      nanoid: 3.3.11
      picocolors: 1.1.1
      source-map-js: 1.2.1

  react-dom@19.1.0(react@19.1.0):
    dependencies:
      react: 19.1.0
      scheduler: 0.26.0

  react@19.1.0: {}

  scheduler@0.26.0: {}

  semver@7.7.2:
    optional: true

  sharp@0.34.2:
    dependencies:
      color: 4.2.3
      detect-libc: 2.0.4
      semver: 7.7.2
    optionalDependencies:
      '@img/sharp-darwin-arm64': 0.34.2
      '@img/sharp-darwin-x64': 0.34.2
      '@img/sharp-libvips-darwin-arm64': 1.1.0
      '@img/sharp-libvips-darwin-x64': 1.1.0
      '@img/sharp-libvips-linux-arm': 1.1.0
      '@img/sharp-libvips-linux-arm64': 1.1.0
      '@img/sharp-libvips-linux-ppc64': 1.1.0
      '@img/sharp-libvips-linux-s390x': 1.1.0
      '@img/sharp-libvips-linux-x64': 1.1.0
      '@img/sharp-libvips-linuxmusl-arm64': 1.1.0
      '@img/sharp-libvips-linuxmusl-x64': 1.1.0
      '@img/sharp-linux-arm': 0.34.2
      '@img/sharp-linux-arm64': 0.34.2
      '@img/sharp-linux-s390x': 0.34.2
      '@img/sharp-linux-x64': 0.34.2
      '@img/sharp-linuxmusl-arm64': 0.34.2
      '@img/sharp-linuxmusl-x64': 0.34.2
      '@img/sharp-wasm32': 0.34.2
      '@img/sharp-win32-arm64': 0.34.2
      '@img/sharp-win32-ia32': 0.34.2
      '@img/sharp-win32-x64': 0.34.2
    optional: true

  simple-swizzle@0.2.2:
    dependencies:
      is-arrayish: 0.3.2
    optional: true

  source-map-js@1.2.1: {}

  streamsearch@1.1.0: {}

  styled-jsx@5.1.6(react@19.1.0):
    dependencies:
      client-only: 0.0.1
      react: 19.1.0

  tslib@2.8.1: {}

  typescript@5.8.3: {}

  undici-types@6.21.0: {}
